{
  "lockfile-version": 1,
  "manifest": {
    "schema-version": "1.12.0",
    "install": {
      "python313": {
        "pkg-path": "python313"
      },
      "uv": {
        "pkg-path": "uv"
      }
    },
    "hook": {},
    "profile": {},
    "options": {}
  },
  "packages": [
    {
      "attr_path": "python313",
      "broken": false,
      "derivation": "/nix/store/4jsnzrzl379r6cjrr836lh6vi4p4kgv4-python3-3.13.12.drv",
      "description": "High-level dynamically-typed programming language",
      "install_id": "python313",
      "license": "Python-2.0",
      "locked_url": "https://github.com/flox/nixpkgs?rev=549bd84d6279f9852cae6225e372cc67fb91a4c1",
      "name": "python3-3.13.12",
      "pname": "python313",
      "rev": "549bd84d6279f9852cae6225e372cc67fb91a4c1",
      "rev_count": 992384,
      "rev_date": "2026-05-05T04:14:16Z",
      "scrape_date": "2026-05-06T08:07:55.664476Z",
      "stabilities": [
        "unstable"
      ],
      "unfree": false,
      "version": "python3-3.13.12",
      "outputs_to_install": [
        "out",
        "out"
      ],
      "outputs": {
        "out": "/nix/store/kwnbzccaiqi6iwdchcy6xc8br4x9hn0j-python3-3.13.12"
      },
      "system": "aarch64-darwin",
      "group": "toplevel",
      "priority": 5
    },
    {
      "attr_path": "python313",
      "broken": false,
      "derivation": "/nix/store/5a3k0w97564gz3qxf00dvrs6yn9v8dl6-python3-3.13.12.drv",
      "description": "High-level dynamically-typed programming language",
      "install_id": "python313",
      "license": "Python-2.0",
      "locked_url": "https://github.com/flox/nixpkgs?rev=549bd84d6279f9852cae6225e372cc67fb91a4c1",
      "name": "python3-3.13.12",
      "pname": "python313",
      "rev": "549bd84d6279f9852cae6225e372cc67fb91a4c1",
      "rev_count": 992384,
      "rev_date": "2026-05-05T04:14:16Z",
      "scrape_date": "2026-05-06T08:44:44.881312Z",
      "stabilities": [
        "unstable"
      ],
      "unfree": false,
      "version": "python3-3.13.12",
      "outputs_to_install": [
        "out",
        "out",
        "out"
      ],
      "outputs": {
        "debug": "/nix/store/xyg8jfgpbyap2blwfmh3lhxy1vmhhbia-python3-3.13.12-debug",
        "out": "/nix/store/36mns0lq3c2zgky08rsq0xvamfzglzvj-python3-3.13.12"
      },
      "system": "aarch64-linux",
      "group": "toplevel",
      "priority": 5
    },
    {
      "attr_path": "python313",
      "broken": false,
      "derivation": "/nix/store/227zjffs3h685la0wmjp42z850j2f59w-python3-3.13.12.drv",
      "description": "High-level dynamically-typed programming language",
      "install_id": "python313",
      "license": "Python-2.0",
      "locked_url": "https://github.com/flox/nixpkgs?rev=549bd84d6279f9852cae6225e372cc67fb91a4c1",
      "name": "python3-3.13.12",
      "pname": "python313",
      "rev": "549bd84d6279f9852cae6225e372cc67fb91a4c1",
      "rev_count": 992384,
      "rev_date": "2026-05-05T04:14:16Z",
      "scrape_date": "2026-05-06T09:16:49.778365Z",
      "stabilities": [
        "unstable"
      ],
      "unfree": false,
      "version": "python3-3.13.12",
      "outputs_to_install": [
        "out",
        "out"
      ],
      "outputs": {
        "out": "/nix/store/mgd8qy2z9xj5y7lkrfw1zw2l6adanc1d-python3-3.13.12"
      },
      "system": "x86_64-darwin",
      "group": "toplevel",
      "priority": 5
    },
    {
      "attr_path": "python313",
      "broken": false,
      "derivation": "/nix/store/akf75nmhvs2x06g2qrag3vd321rpp02i-python3-3.13.12.drv",
      "description": "High-level dynamically-typed programming language",
      "install_id": "python313",
      "license": "Python-2.0",
      "locked_url": "https://github.com/flox/nixpkgs?rev=549bd84d6279f9852cae6225e372cc67fb91a4c1",
      "name": "python3-3.13.12",
      "pname": "python313",
      "rev": "549bd84d6279f9852cae6225e372cc67fb91a4c1",
      "rev_count": 992384,
      "rev_date": "2026-05-05T04:14:16Z",
      "scrape_date": "2026-05-06T09:53:24.541315Z",
      "stabilities": [
        "unstable"
      ],
      "unfree": false,
      "version": "python3-3.13.12",
      "outputs_to_install": [
        "out",
        "out",
        "out",
        "out",
        "out"
      ],
      "outputs": {
        "debug": "/nix/store/4q5zc1g7w4x5c0p5cdv1nh61z8ddxqqq-python3-3.13.12-debug",
        "out": "/nix/store/0r6k8xa2kgqyp3r4v2w7yrb80ma2iawm-python3-3.13.12"
      },
      "system": "x86_64-linux",
      "group": "toplevel",
      "priority": 5
    },
    {
      "attr_path": "uv",
      "broken": false,
      "derivation": "/nix/store/c2pjd46f16f3gyqj5w5bqjiyrg20zrmz-uv-0.11.8.drv",
      "description": "Extremely fast Python package installer and resolver, written in Rust",
      "install_id": "uv",
      "license": "[ Apache-2.0, MIT ]",
      "locked_url": "https://github.com/flox/nixpkgs?rev=549bd84d6279f9852cae6225e372cc67fb91a4c1",
      "name": "uv-0.11.8",
      "pname": "uv",
      "rev": "549bd84d6279f9852cae6225e372cc67fb91a4c1",
      "rev_count": 992384,
      "rev_date": "2026-05-05T04:14:16Z",
      "scrape_date": "2026-05-06T08:09:49.264304Z",
      "stabilities": [
        "unstable"
      ],
      "unfree": false,
      "version": "0.11.8",
      "outputs_to_install": [
        "out"
      ],
      "outputs": {
        "out": "/nix/store/9yc0dyp8ymcgmqq0kgilif31xcyr0jya-uv-0.11.8"
      },
      "system": "aarch64-darwin",
      "group": "toplevel",
      "priority": 5
    },
    {
      "attr_path": "uv",
      "broken": false,
      "derivation": "/nix/store/wx1my7rr7qlxisnzg4p2s8acnf5lld98-uv-0.11.8.drv",
      "description": "Extremely fast Python package installer and resolver, written in Rust",
      "install_id": "uv",
      "license": "[ Apache-2.0, MIT ]",
      "locked_url": "https://github.com/flox/nixpkgs?rev=549bd84d6279f9852cae6225e372cc67fb91a4c1",
      "name": "uv-0.11.8",
      "pname": "uv",
      "rev": "549bd84d6279f9852cae6225e372cc67fb91a4c1",
      "rev_count": 992384,
      "rev_date": "2026-05-05T04:14:16Z",
      "scrape_date": "2026-05-06T08:47:09.153581Z",
      "stabilities": [
        "unstable"
      ],
      "unfree": false,
      "version": "0.11.8",
      "outputs_to_install": [
        "out"
      ],
      "outputs": {
        "out": "/nix/store/1413srfhakqmzxc9f3m3vwq90fmc1l5w-uv-0.11.8"
      },
      "system": "aarch64-linux",
      "group": "toplevel",
      "priority": 5
    },
    {
      "attr_path": "uv",
      "broken": false,
      "derivation": "/nix/store/ffk1d2jxagzwga6z7mqlbdcv52yhyp9h-uv-0.11.8.drv",
      "description": "Extremely fast Python package installer and resolver, written in Rust",
      "install_id": "uv",
      "license": "[ Apache-2.0, MIT ]",
      "locked_url": "https://github.com/flox/nixpkgs?rev=549bd84d6279f9852cae6225e372cc67fb91a4c1",
      "name": "uv-0.11.8",
      "pname": "uv",
      "rev": "549bd84d6279f9852cae6225e372cc67fb91a4c1",
      "rev_count": 992384,
      "rev_date": "2026-05-05T04:14:16Z",
      "scrape_date": "2026-05-06T09:18:42.118777Z",
      "stabilities": [
        "unstable"
      ],
      "unfree": false,
      "version": "0.11.8",
      "outputs_to_install": [
        "out"
      ],
      "outputs": {
        "out": "/nix/store/vc2x50g0316b91kn0y8njwdfchvnmdkg-uv-0.11.8"
      },
      "system": "x86_64-darwin",
      "group": "toplevel",
      "priority": 5
    },
    {
      "attr_path": "uv",
      "broken": false,
      "derivation": "/nix/store/v4y7r5db6pd7w5y4b273ia1igbajbykv-uv-0.11.8.drv",
      "description": "Extremely fast Python package installer and resolver, written in Rust",
      "install_id": "uv",
      "license": "[ Apache-2.0, MIT ]",
      "locked_url": "https://github.com/flox/nixpkgs?rev=549bd84d6279f9852cae6225e372cc67fb91a4c1",
      "name": "uv-0.11.8",
      "pname": "uv",
      "rev": "549bd84d6279f9852cae6225e372cc67fb91a4c1",
      "rev_count": 992384,
      "rev_date": "2026-05-05T04:14:16Z",
      "scrape_date": "2026-05-06T09:55:47.190023Z",
      "stabilities": [
        "unstable"
      ],
      "unfree": false,
      "version": "0.11.8",
      "outputs_to_install": [
        "out"
      ],
      "outputs": {
        "out": "/nix/store/9xinbvah2sr4k5g05g7w48q2klf2va5f-uv-0.11.8"
      },
      "system": "x86_64-linux",
      "group": "toplevel",
      "priority": 5
    }
  ]
}
